// !$*UTF8*$!
{
	archiveVersion = 1;
	classes = {
	};
	objectVersion = 50;
	objects = {

/* Begin PBXBuildFile section */
		0BFE66271C0354F1BA16487D /* Pods_PaddingLabelExampleTests.framework in Frameworks */ = {isa = PBXBuildFile; fileRef = 8CAB4CB57A2C328965C4391B /* Pods_PaddingLabelExampleTests.framework */; };
		45931B3F1ED4281E48895E96 /* Pods_PaddingLabelExample_PaddingLabelExampleUITests.framework in Frameworks */ = {isa = PBXBuildFile; fileRef = 4D6BC94CB92D0C50E8EF2ADE /* Pods_PaddingLabelExample_PaddingLabelExampleUITests.framework */; };
		692F1B9B248B452F00BAF407 /* AppDelegate.swift in Sources */ = {isa = PBXBuildFile; fileRef = 692F1B9A248B452F00BAF407 /* AppDelegate.swift */; };
		692F1B9D248B452F00BAF407 /* SceneDelegate.swift in Sources */ = {isa = PBXBuildFile; fileRef = 692F1B9C248B452F00BAF407 /* SceneDelegate.swift */; };
		692F1B9F248B452F00BAF407 /* ViewController.swift in Sources */ = {isa = PBXBuildFile; fileRef = 692F1B9E248B452F00BAF407 /* ViewController.swift */; };
		692F1BA2248B452F00BAF407 /* Main.storyboard in Resources */ = {isa = PBXBuildFile; fileRef = 692F1BA0248B452F00BAF407 /* Main.storyboard */; };
		692F1BA4248B453200BAF407 /* Assets.xcassets in Resources */ = {isa = PBXBuildFile; fileRef = 692F1BA3248B453200BAF407 /* Assets.xcassets */; };
		692F1BA7248B453200BAF407 /* LaunchScreen.storyboard in Resources */ = {isa = PBXBuildFile; fileRef = 692F1BA5248B453200BAF407 /* LaunchScreen.storyboard */; };
		692F1BB2248B453200BAF407 /* PaddingLabelExampleTests.swift in Sources */ = {isa = PBXBuildFile; fileRef = 692F1BB1248B453200BAF407 /* PaddingLabelExampleTests.swift */; };
		692F1BBD248B453300BAF407 /* PaddingLabelExampleUITests.swift in Sources */ = {isa = PBXBuildFile; fileRef = 692F1BBC248B453300BAF407 /* PaddingLabelExampleUITests.swift */; };
		D2E677CCBF6D0B2312E6E561 /* Pods_PaddingLabelExample.framework in Frameworks */ = {isa = PBXBuildFile; fileRef = FB50919D887EF5926CF55A1E /* Pods_PaddingLabelExample.framework */; };
/* End PBXBuildFile section */

/* Begin PBXContainerItemProxy section */
		692F1BAE248B453200BAF407 /* PBXContainerItemProxy */ = {
			isa = PBXContainerItemProxy;
			containerPortal = 692F1B8F248B452F00BAF407 /* Project object */;
			proxyType = 1;
			remoteGlobalIDString = 692F1B96248B452F00BAF407;
			remoteInfo = PaddingLabelExample;
		};
		692F1BB9248B453300BAF407 /* PBXContainerItemProxy */ = {
			isa = PBXContainerItemProxy;
			containerPortal = 692F1B8F248B452F00BAF407 /* Project object */;
			proxyType = 1;
			remoteGlobalIDString = 692F1B96248B452F00BAF407;
			remoteInfo = PaddingLabelExample;
		};
/* End PBXContainerItemProxy section */

/* Begin PBXFileReference section */
		1B9962DDE1E31317A625FA15 /* Pods-PaddingLabelExampleTests.debug.xcconfig */ = {isa = PBXFileReference; includeInIndex = 1; lastKnownFileType = text.xcconfig; name = "Pods-PaddingLabelExampleTests.debug.xcconfig"; path = "Target Support Files/Pods-PaddingLabelExampleTests/Pods-PaddingLabelExampleTests.debug.xcconfig"; sourceTree = "<group>"; };
		2E9A6F1706D502108A75B088 /* Pods-PaddingLabelExample.release.xcconfig */ = {isa = PBXFileReference; includeInIndex = 1; lastKnownFileType = text.xcconfig; name = "Pods-PaddingLabelExample.release.xcconfig"; path = "Target Support Files/Pods-PaddingLabelExample/Pods-PaddingLabelExample.release.xcconfig"; sourceTree = "<group>"; };
		4D6BC94CB92D0C50E8EF2ADE /* Pods_PaddingLabelExample_PaddingLabelExampleUITests.framework */ = {isa = PBXFileReference; explicitFileType = wrapper.framework; includeInIndex = 0; path = Pods_PaddingLabelExample_PaddingLabelExampleUITests.framework; sourceTree = BUILT_PRODUCTS_DIR; };
		692F1B97248B452F00BAF407 /* PaddingLabelExample.app */ = {isa = PBXFileReference; explicitFileType = wrapper.application; includeInIndex = 0; path = PaddingLabelExample.app; sourceTree = BUILT_PRODUCTS_DIR; };
		692F1B9A248B452F00BAF407 /* AppDelegate.swift */ = {isa = PBXFileReference; lastKnownFileType = sourcecode.swift; path = AppDelegate.swift; sourceTree = "<group>"; };
		692F1B9C248B452F00BAF407 /* SceneDelegate.swift */ = {isa = PBXFileReference; lastKnownFileType = sourcecode.swift; path = SceneDelegate.swift; sourceTree = "<group>"; };
		692F1B9E248B452F00BAF407 /* ViewController.swift */ = {isa = PBXFileReference; lastKnownFileType = sourcecode.swift; path = ViewController.swift; sourceTree = "<group>"; };
		692F1BA1248B452F00BAF407 /* Base */ = {isa = PBXFileReference; lastKnownFileType = file.storyboard; name = Base; path = Base.lproj/Main.storyboard; sourceTree = "<group>"; };
		692F1BA3248B453200BAF407 /* Assets.xcassets */ = {isa = PBXFileReference; lastKnownFileType = folder.assetcatalog; path = Assets.xcassets; sourceTree = "<group>"; };
		692F1BA6248B453200BAF407 /* Base */ = {isa = PBXFileReference; lastKnownFileType = file.storyboard; name = Base; path = Base.lproj/LaunchScreen.storyboard; sourceTree = "<group>"; };
		692F1BA8248B453200BAF407 /* Info.plist */ = {isa = PBXFileReference; lastKnownFileType = text.plist.xml; path = Info.plist; sourceTree = "<group>"; };
		692F1BAD248B453200BAF407 /* PaddingLabelExampleTests.xctest */ = {isa = PBXFileReference; explicitFileType = wrapper.cfbundle; includeInIndex = 0; path = PaddingLabelExampleTests.xctest; sourceTree = BUILT_PRODUCTS_DIR; };
		692F1BB1248B453200BAF407 /* PaddingLabelExampleTests.swift */ = {isa = PBXFileReference; lastKnownFileType = sourcecode.swift; path = PaddingLabelExampleTests.swift; sourceTree = "<group>"; };
		692F1BB3248B453200BAF407 /* Info.plist */ = {isa = PBXFileReference; lastKnownFileType = text.plist.xml; path = Info.plist; sourceTree = "<group>"; };
		692F1BB8248B453300BAF407 /* PaddingLabelExampleUITests.xctest */ = {isa = PBXFileReference; explicitFileType = wrapper.cfbundle; includeInIndex = 0; path = PaddingLabelExampleUITests.xctest; sourceTree = BUILT_PRODUCTS_DIR; };
		692F1BBC248B453300BAF407 /* PaddingLabelExampleUITests.swift */ = {isa = PBXFileReference; lastKnownFileType = sourcecode.swift; path = PaddingLabelExampleUITests.swift; sourceTree = "<group>"; };
		692F1BBE248B453300BAF407 /* Info.plist */ = {isa = PBXFileReference; lastKnownFileType = text.plist.xml; path = Info.plist; sourceTree = "<group>"; };
		8CAB4CB57A2C328965C4391B /* Pods_PaddingLabelExampleTests.framework */ = {isa = PBXFileReference; explicitFileType = wrapper.framework; includeInIndex = 0; path = Pods_PaddingLabelExampleTests.framework; sourceTree = BUILT_PRODUCTS_DIR; };
		9E832E59FF6F6F27FA439CF0 /* Pods-PaddingLabelExample-PaddingLabelExampleUITests.release.xcconfig */ = {isa = PBXFileReference; includeInIndex = 1; lastKnownFileType = text.xcconfig; name = "Pods-PaddingLabelExample-PaddingLabelExampleUITests.release.xcconfig"; path = "Target Support Files/Pods-PaddingLabelExample-PaddingLabelExampleUITests/Pods-PaddingLabelExample-PaddingLabelExampleUITests.release.xcconfig"; sourceTree = "<group>"; };
		BFCC335E465BEDC91DA89E87 /* Pods-PaddingLabelExampleTests.release.xcconfig */ = {isa = PBXFileReference; includeInIndex = 1; lastKnownFileType = text.xcconfig; name = "Pods-PaddingLabelExampleTests.release.xcconfig"; path = "Target Support Files/Pods-PaddingLabelExampleTests/Pods-PaddingLabelExampleTests.release.xcconfig"; sourceTree = "<group>"; };
		CE5115370CFB860B826FB47C /* Pods-PaddingLabelExample.debug.xcconfig */ = {isa = PBXFileReference; includeInIndex = 1; lastKnownFileType = text.xcconfig; name = "Pods-PaddingLabelExample.debug.xcconfig"; path = "Target Support Files/Pods-PaddingLabelExample/Pods-PaddingLabelExample.debug.xcconfig"; sourceTree = "<group>"; };
		E50B22D9ED1C065EA79DC954 /* Pods-PaddingLabelExample-PaddingLabelExampleUITests.debug.xcconfig */ = {isa = PBXFileReference; includeInIndex = 1; lastKnownFileType = text.xcconfig; name = "Pods-PaddingLabelExample-PaddingLabelExampleUITests.debug.xcconfig"; path = "Target Support Files/Pods-PaddingLabelExample-PaddingLabelExampleUITests/Pods-PaddingLabelExample-PaddingLabelExampleUITests.debug.xcconfig"; sourceTree = "<group>"; };
		FB50919D887EF5926CF55A1E /* Pods_PaddingLabelExample.framework */ = {isa = PBXFileReference; explicitFileType = wrapper.framework; includeInIndex = 0; path = Pods_PaddingLabelExample.framework; sourceTree = BUILT_PRODUCTS_DIR; };
/* End PBXFileReference section */

/* Begin PBXFrameworksBuildPhase section */
		692F1B94248B452F00BAF407 /* Frameworks */ = {
			isa = PBXFrameworksBuildPhase;
			buildActionMask = 2147483647;
			files = (
				D2E677CCBF6D0B2312E6E561 /* Pods_PaddingLabelExample.framework in Frameworks */,
			);
			runOnlyForDeploymentPostprocessing = 0;
		};
		692F1BAA248B453200BAF407 /* Frameworks */ = {
			isa = PBXFrameworksBuildPhase;
			buildActionMask = 2147483647;
			files = (
				0BFE66271C0354F1BA16487D /* Pods_PaddingLabelExampleTests.framework in Frameworks */,
			);
			runOnlyForDeploymentPostprocessing = 0;
		};
		692F1BB5248B453200BAF407 /* Frameworks */ = {
			isa = PBXFrameworksBuildPhase;
			buildActionMask = 2147483647;
			files = (
				45931B3F1ED4281E48895E96 /* Pods_PaddingLabelExample_PaddingLabelExampleUITests.framework in Frameworks */,
			);
			runOnlyForDeploymentPostprocessing = 0;
		};
/* End PBXFrameworksBuildPhase section */

/* Begin PBXGroup section */
		628184AD32E8A652D2492DFD /* Frameworks */ = {
			isa = PBXGroup;
			children = (
				FB50919D887EF5926CF55A1E /* Pods_PaddingLabelExample.framework */,
				4D6BC94CB92D0C50E8EF2ADE /* Pods_PaddingLabelExample_PaddingLabelExampleUITests.framework */,
				8CAB4CB57A2C328965C4391B /* Pods_PaddingLabelExampleTests.framework */,
			);
			name = Frameworks;
			sourceTree = "<group>";
		};
		692F1B8E248B452F00BAF407 = {
			isa = PBXGroup;
			children = (
				692F1B99248B452F00BAF407 /* PaddingLabelExample */,
				692F1BB0248B453200BAF407 /* PaddingLabelExampleTests */,
				692F1BBB248B453300BAF407 /* PaddingLabelExampleUITests */,
				692F1B98248B452F00BAF407 /* Products */,
				83CE4E7B59381368E4714004 /* Pods */,
				628184AD32E8A652D2492DFD /* Frameworks */,
			);
			sourceTree = "<group>";
		};
		692F1B98248B452F00BAF407 /* Products */ = {
			isa = PBXGroup;
			children = (
				692F1B97248B452F00BAF407 /* PaddingLabelExample.app */,
				692F1BAD248B453200BAF407 /* PaddingLabelExampleTests.xctest */,
				692F1BB8248B453300BAF407 /* PaddingLabelExampleUITests.xctest */,
			);
			name = Products;
			sourceTree = "<group>";
		};
		692F1B99248B452F00BAF407 /* PaddingLabelExample */ = {
			isa = PBXGroup;
			children = (
				692F1B9A248B452F00BAF407 /* AppDelegate.swift */,
				692F1B9C248B452F00BAF407 /* SceneDelegate.swift */,
				692F1B9E248B452F00BAF407 /* ViewController.swift */,
				692F1BA0248B452F00BAF407 /* Main.storyboard */,
				692F1BA3248B453200BAF407 /* Assets.xcassets */,
				692F1BA5248B453200BAF407 /* LaunchScreen.storyboard */,
				692F1BA8248B453200BAF407 /* Info.plist */,
			);
			path = PaddingLabelExample;
			sourceTree = "<group>";
		};
		692F1BB0248B453200BAF407 /* PaddingLabelExampleTests */ = {
			isa = PBXGroup;
			children = (
				692F1BB1248B453200BAF407 /* PaddingLabelExampleTests.swift */,
				692F1BB3248B453200BAF407 /* Info.plist */,
			);
			path = PaddingLabelExampleTests;
			sourceTree = "<group>";
		};
		692F1BBB248B453300BAF407 /* PaddingLabelExampleUITests */ = {
			isa = PBXGroup;
			children = (
				692F1BBC248B453300BAF407 /* PaddingLabelExampleUITests.swift */,
				692F1BBE248B453300BAF407 /* Info.plist */,
			);
			path = PaddingLabelExampleUITests;
			sourceTree = "<group>";
		};
		83CE4E7B59381368E4714004 /* Pods */ = {
			isa = PBXGroup;
			children = (
				CE5115370CFB860B826FB47C /* Pods-PaddingLabelExample.debug.xcconfig */,
				2E9A6F1706D502108A75B088 /* Pods-PaddingLabelExample.release.xcconfig */,
				E50B22D9ED1C065EA79DC954 /* Pods-PaddingLabelExample-PaddingLabelExampleUITests.debug.xcconfig */,
				9E832E59FF6F6F27FA439CF0 /* Pods-PaddingLabelExample-PaddingLabelExampleUITests.release.xcconfig */,
				1B9962DDE1E31317A625FA15 /* Pods-PaddingLabelExampleTests.debug.xcconfig */,
				BFCC335E465BEDC91DA89E87 /* Pods-PaddingLabelExampleTests.release.xcconfig */,
			);
			name = Pods;
			path = Pods;
			sourceTree = "<group>";
		};
/* End PBXGroup section */

/* Begin PBXNativeTarget section */
		692F1B96248B452F00BAF407 /* PaddingLabelExample */ = {
			isa = PBXNativeTarget;
			buildConfigurationList = 692F1BC1248B453300BAF407 /* Build configuration list for PBXNativeTarget "PaddingLabelExample" */;
			buildPhases = (
				4C0B52CF638A72C6DECC5023 /* [CP] Check Pods Manifest.lock */,
				692F1B93248B452F00BAF407 /* Sources */,
				692F1B94248B452F00BAF407 /* Frameworks */,
				692F1B95248B452F00BAF407 /* Resources */,
				A0C5EA1DA32D6EBA74EAD748 /* [CP] Embed Pods Frameworks */,
			);
			buildRules = (
			);
			dependencies = (
			);
			name = PaddingLabelExample;
			productName = PaddingLabelExample;
			productReference = 692F1B97248B452F00BAF407 /* PaddingLabelExample.app */;
			productType = "com.apple.product-type.application";
		};
		692F1BAC248B453200BAF407 /* PaddingLabelExampleTests */ = {
			isa = PBXNativeTarget;
			buildConfigurationList = 692F1BC4248B453300BAF407 /* Build configuration list for PBXNativeTarget "PaddingLabelExampleTests" */;
			buildPhases = (
				9385A9BA2669CBD885FB63EB /* [CP] Check Pods Manifest.lock */,
				692F1BA9248B453200BAF407 /* Sources */,
				692F1BAA248B453200BAF407 /* Frameworks */,
				692F1BAB248B453200BAF407 /* Resources */,
			);
			buildRules = (
			);
			dependencies = (
				692F1BAF248B453200BAF407 /* PBXTargetDependency */,
			);
			name = PaddingLabelExampleTests;
			productName = PaddingLabelExampleTests;
			productReference = 692F1BAD248B453200BAF407 /* PaddingLabelExampleTests.xctest */;
			productType = "com.apple.product-type.bundle.unit-test";
		};
		692F1BB7248B453200BAF407 /* PaddingLabelExampleUITests */ = {
			isa = PBXNativeTarget;
			buildConfigurationList = 692F1BC7248B453300BAF407 /* Build configuration list for PBXNativeTarget "PaddingLabelExampleUITests" */;
			buildPhases = (
				935BAC01AEF5E09365E6C7E6 /* [CP] Check Pods Manifest.lock */,
				692F1BB4248B453200BAF407 /* Sources */,
				692F1BB5248B453200BAF407 /* Frameworks */,
				692F1BB6248B453200BAF407 /* Resources */,
				5871C09E60421217FA305D1C /* [CP] Embed Pods Frameworks */,
			);
			buildRules = (
			);
			dependencies = (
				692F1BBA248B453300BAF407 /* PBXTargetDependency */,
			);
			name = PaddingLabelExampleUITests;
			productName = PaddingLabelExampleUITests;
			productReference = 692F1BB8248B453300BAF407 /* PaddingLabelExampleUITests.xctest */;
			productType = "com.apple.product-type.bundle.ui-testing";
		};
/* End PBXNativeTarget section */

/* Begin PBXProject section */
		692F1B8F248B452F00BAF407 /* Project object */ = {
			isa = PBXProject;
			attributes = {
				LastSwiftUpdateCheck = 1140;
				LastUpgradeCheck = 1140;
				ORGANIZATIONNAME = "Tai Le";
				TargetAttributes = {
					692F1B96248B452F00BAF407 = {
						CreatedOnToolsVersion = 11.4.1;
					};
					692F1BAC248B453200BAF407 = {
						CreatedOnToolsVersion = 11.4.1;
						TestTargetID = 692F1B96248B452F00BAF407;
					};
					692F1BB7248B453200BAF407 = {
						CreatedOnToolsVersion = 11.4.1;
						TestTargetID = 692F1B96248B452F00BAF407;
					};
				};
			};
			buildConfigurationList = 692F1B92248B452F00BAF407 /* Build configuration list for PBXProject "PaddingLabelExample" */;
			compatibilityVersion = "Xcode 9.3";
			developmentRegion = en;
			hasScannedForEncodings = 0;
			knownRegions = (
				en,
				Base,
			);
			mainGroup = 692F1B8E248B452F00BAF407;
			productRefGroup = 692F1B98248B452F00BAF407 /* Products */;
			projectDirPath = "";
			projectRoot = "";
			targets = (
				692F1B96248B452F00BAF407 /* PaddingLabelExample */,
				692F1BAC248B453200BAF407 /* PaddingLabelExampleTests */,
				692F1BB7248B453200BAF407 /* PaddingLabelExampleUITests */,
			);
		};
/* End PBXProject section */

/* Begin PBXResourcesBuildPhase section */
		692F1B95248B452F00BAF407 /* Resources */ = {
			isa = PBXResourcesBuildPhase;
			buildActionMask = 2147483647;
			files = (
				692F1BA7248B453200BAF407 /* LaunchScreen.storyboard in Resources */,
				692F1BA4248B453200BAF407 /* Assets.xcassets in Resources */,
				692F1BA2248B452F00BAF407 /* Main.storyboard in Resources */,
			);
			runOnlyForDeploymentPostprocessing = 0;
		};
		692F1BAB248B453200BAF407 /* Resources */ = {
			isa = PBXResourcesBuildPhase;
			buildActionMask = 2147483647;
			files = (
			);
			runOnlyForDeploymentPostprocessing = 0;
		};
		692F1BB6248B453200BAF407 /* Resources */ = {
			isa = PBXResourcesBuildPhase;
			buildActionMask = 2147483647;
			files = (
			);
			runOnlyForDeploymentPostprocessing = 0;
		};
/* End PBXResourcesBuildPhase section */

/* Begin PBXShellScriptBuildPhase section */
		4C0B52CF638A72C6DECC5023 /* [CP] Check Pods Manifest.lock */ = {
			isa = PBXShellScriptBuildPhase;
			buildActionMask = 2147483647;
			files = (
			);
			inputFileListPaths = (
			);
			inputPaths = (
				"${PODS_PODFILE_DIR_PATH}/Podfile.lock",
				"${PODS_ROOT}/Manifest.lock",
			);
			name = "[CP] Check Pods Manifest.lock";
			outputFileListPaths = (
			);
			outputPaths = (
				"$(DERIVED_FILE_DIR)/Pods-PaddingLabelExample-checkManifestLockResult.txt",
			);
			runOnlyForDeploymentPostprocessing = 0;
			shellPath = /bin/sh;
			shellScript = "diff \"${PODS_PODFILE_DIR_PATH}/Podfile.lock\" \"${PODS_ROOT}/Manifest.lock\" > /dev/null\nif [ $? != 0 ] ; then\n    # print error to STDERR\n    echo \"error: The sandbox is not in sync with the Podfile.lock. Run 'pod install' or update your CocoaPods installation.\" >&2\n    exit 1\nfi\n# This output is used by Xcode 'outputs' to avoid re-running this script phase.\necho \"SUCCESS\" > \"${SCRIPT_OUTPUT_FILE_0}\"\n";
			showEnvVarsInLog = 0;
		};
		5871C09E60421217FA305D1C /* [CP] Embed Pods Frameworks */ = {
			isa = PBXShellScriptBuildPhase;
			buildActionMask = 2147483647;
			files = (
			);
			inputFileListPaths = (
				"${PODS_ROOT}/Target Support Files/Pods-PaddingLabelExample-PaddingLabelExampleUITests/Pods-PaddingLabelExample-PaddingLabelExampleUITests-frameworks-${CONFIGURATION}-input-files.xcfilelist",
			);
			name = "[CP] Embed Pods Frameworks";
			outputFileListPaths = (
				"${PODS_ROOT}/Target Support Files/Pods-PaddingLabelExample-PaddingLabelExampleUITests/Pods-PaddingLabelExample-PaddingLabelExampleUITests-frameworks-${CONFIGURATION}-output-files.xcfilelist",
			);
			runOnlyForDeploymentPostprocessing = 0;
			shellPath = /bin/sh;
			shellScript = "\"${PODS_ROOT}/Target Support Files/Pods-PaddingLabelExample-PaddingLabelExampleUITests/Pods-PaddingLabelExample-PaddingLabelExampleUITests-frameworks.sh\"\n";
			showEnvVarsInLog = 0;
		};
		935BAC01AEF5E09365E6C7E6 /* [CP] Check Pods Manifest.lock */ = {
			isa = PBXShellScriptBuildPhase;
			buildActionMask = 2147483647;
			files = (
			);
			inputFileListPaths = (
			);
			inputPaths = (
				"${PODS_PODFILE_DIR_PATH}/Podfile.lock",
				"${PODS_ROOT}/Manifest.lock",
			);
			name = "[CP] Check Pods Manifest.lock";
			outputFileListPaths = (
			);
			outputPaths = (
				"$(DERIVED_FILE_DIR)/Pods-PaddingLabelExample-PaddingLabelExampleUITests-checkManifestLockResult.txt",
			);
			runOnlyForDeploymentPostprocessing = 0;
			shellPath = /bin/sh;
			shellScript = "diff \"${PODS_PODFILE_DIR_PATH}/Podfile.lock\" \"${PODS_ROOT}/Manifest.lock\" > /dev/null\nif [ $? != 0 ] ; then\n    # print error to STDERR\n    echo \"error: The sandbox is not in sync with the Podfile.lock. Run 'pod install' or update your CocoaPods installation.\" >&2\n    exit 1\nfi\n# This output is used by Xcode 'outputs' to avoid re-running this script phase.\necho \"SUCCESS\" > \"${SCRIPT_OUTPUT_FILE_0}\"\n";
			showEnvVarsInLog = 0;
		};
		9385A9BA2669CBD885FB63EB /* [CP] Check Pods Manifest.lock */ = {
			isa = PBXShellScriptBuildPhase;
			buildActionMask = 2147483647;
			files = (
			);
			inputFileListPaths = (
			);
			inputPaths = (
				"${PODS_PODFILE_DIR_PATH}/Podfile.lock",
				"${PODS_ROOT}/Manifest.lock",
			);
			name = "[CP] Check Pods Manifest.lock";
			outputFileListPaths = (
			);
			outputPaths = (
				"$(DERIVED_FILE_DIR)/Pods-PaddingLabelExampleTests-checkManifestLockResult.txt",
			);
			runOnlyForDeploymentPostprocessing = 0;
			shellPath = /bin/sh;
			shellScript = "diff \"${PODS_PODFILE_DIR_PATH}/Podfile.lock\" \"${PODS_ROOT}/Manifest.lock\" > /dev/null\nif [ $? != 0 ] ; then\n    # print error to STDERR\n    echo \"error: The sandbox is not in sync with the Podfile.lock. Run 'pod install' or update your CocoaPods installation.\" >&2\n    exit 1\nfi\n# This output is used by Xcode 'outputs' to avoid re-running this script phase.\necho \"SUCCESS\" > \"${SCRIPT_OUTPUT_FILE_0}\"\n";
			showEnvVarsInLog = 0;
		};
		A0C5EA1DA32D6EBA74EAD748 /* [CP] Embed Pods Frameworks */ = {
			isa = PBXShellScriptBuildPhase;
			buildActionMask = 2147483647;
			files = (
			);
			inputFileListPaths = (
				"${PODS_ROOT}/Target Support Files/Pods-PaddingLabelExample/Pods-PaddingLabelExample-frameworks-${CONFIGURATION}-input-files.xcfilelist",
			);
			name = "[CP] Embed Pods Frameworks";
			outputFileListPaths = (
				"${PODS_ROOT}/Target Support Files/Pods-PaddingLabelExample/Pods-PaddingLabelExample-frameworks-${CONFIGURATION}-output-files.xcfilelist",
			);
			runOnlyForDeploymentPostprocessing = 0;
			shellPath = /bin/sh;
			shellScript = "\"${PODS_ROOT}/Target Support Files/Pods-PaddingLabelExample/Pods-PaddingLabelExample-frameworks.sh\"\n";
			showEnvVarsInLog = 0;
		};
/* End PBXShellScriptBuildPhase section */

/* Begin PBXSourcesBuildPhase section */
		692F1B93248B452F00BAF407 /* Sources */ = {
			isa = PBXSourcesBuildPhase;
			buildActionMask = 2147483647;
			files = (
				692F1B9F248B452F00BAF407 /* ViewController.swift in Sources */,
				692F1B9B248B452F00BAF407 /* AppDelegate.swift in Sources */,
				692F1B9D248B452F00BAF407 /* SceneDelegate.swift in Sources */,
			);
			runOnlyForDeploymentPostprocessing = 0;
		};
		692F1BA9248B453200BAF407 /* Sources */ = {
			isa = PBXSourcesBuildPhase;
			buildActionMask = 2147483647;
			files = (
				692F1BB2248B453200BAF407 /* PaddingLabelExampleTests.swift in Sources */,
			);
			runOnlyForDeploymentPostprocessing = 0;
		};
		692F1BB4248B453200BAF407 /* Sources */ = {
			isa = PBXSourcesBuildPhase;
			buildActionMask = 2147483647;
			files = (
				692F1BBD248B453300BAF407 /* PaddingLabelExampleUITests.swift in Sources */,
			);
			runOnlyForDeploymentPostprocessing = 0;
		};
/* End PBXSourcesBuildPhase section */

/* Begin PBXTargetDependency section */
		692F1BAF248B453200BAF407 /* PBXTargetDependency */ = {
			isa = PBXTargetDependency;
			target = 692F1B96248B452F00BAF407 /* PaddingLabelExample */;
			targetProxy = 692F1BAE248B453200BAF407 /* PBXContainerItemProxy */;
		};
		692F1BBA248B453300BAF407 /* PBXTargetDependency */ = {
			isa = PBXTargetDependency;
			target = 692F1B96248B452F00BAF407 /* PaddingLabelExample */;
			targetProxy = 692F1BB9248B453300BAF407 /* PBXContainerItemProxy */;
		};
/* End PBXTargetDependency section */

/* Begin PBXVariantGroup section */
		692F1BA0248B452F00BAF407 /* Main.storyboard */ = {
			isa = PBXVariantGroup;
			children = (
				692F1BA1248B452F00BAF407 /* Base */,
			);
			name = Main.storyboard;
			sourceTree = "<group>";
		};
		692F1BA5248B453200BAF407 /* LaunchScreen.storyboard */ = {
			isa = PBXVariantGroup;
			children = (
				692F1BA6248B453200BAF407 /* Base */,
			);
			name = LaunchScreen.storyboard;
			sourceTree = "<group>";
		};
/* End PBXVariantGroup section */

/* Begin XCBuildConfiguration section */
		692F1BBF248B453300BAF407 /* Debug */ = {
			isa = XCBuildConfiguration;
			buildSettings = {
				ALWAYS_SEARCH_USER_PATHS = NO;
				CLANG_ANALYZER_NONNULL = YES;
				CLANG_ANALYZER_NUMBER_OBJECT_CONVERSION = YES_AGGRESSIVE;
				CLANG_CXX_LANGUAGE_STANDARD = "gnu++14";
				CLANG_CXX_LIBRARY = "libc++";
				CLANG_ENABLE_MODULES = YES;
				CLANG_ENABLE_OBJC_ARC = YES;
				CLANG_ENABLE_OBJC_WEAK = YES;
				CLANG_WARN_BLOCK_CAPTURE_AUTORELEASING = YES;
				CLANG_WARN_BOOL_CONVERSION = YES;
				CLANG_WARN_COMMA = YES;
				CLANG_WARN_CONSTANT_CONVERSION = YES;
				CLANG_WARN_DEPRECATED_OBJC_IMPLEMENTATIONS = YES;
				CLANG_WARN_DIRECT_OBJC_ISA_USAGE = YES_ERROR;
				CLANG_WARN_DOCUMENTATION_COMMENTS = YES;
				CLANG_WARN_EMPTY_BODY = YES;
				CLANG_WARN_ENUM_CONVERSION = YES;
				CLANG_WARN_INFINITE_RECURSION = YES;
				CLANG_WARN_INT_CONVERSION = YES;
				CLANG_WARN_NON_LITERAL_NULL_CONVERSION = YES;
				CLANG_WARN_OBJC_IMPLICIT_RETAIN_SELF = YES;
				CLANG_WARN_OBJC_LITERAL_CONVERSION = YES;
				CLANG_WARN_OBJC_ROOT_CLASS = YES_ERROR;
				CLANG_WARN_RANGE_LOOP_ANALYSIS = YES;
				CLANG_WARN_STRICT_PROTOTYPES = YES;
				CLANG_WARN_SUSPICIOUS_MOVE = YES;
				CLANG_WARN_UNGUARDED_AVAILABILITY = YES_AGGRESSIVE;
				CLANG_WARN_UNREACHABLE_CODE = YES;
				CLANG_WARN__DUPLICATE_METHOD_MATCH = YES;
				COPY_PHASE_STRIP = NO;
				DEBUG_INFORMATION_FORMAT = dwarf;
				ENABLE_STRICT_OBJC_MSGSEND = YES;
				ENABLE_TESTABILITY = YES;
				GCC_C_LANGUAGE_STANDARD = gnu11;
				GCC_DYNAMIC_NO_PIC = NO;
				GCC_NO_COMMON_BLOCKS = YES;
				GCC_OPTIMIZATION_LEVEL = 0;
				GCC_PREPROCESSOR_DEFINITIONS = (
					"DEBUG=1",
					"$(inherited)",
				);
				GCC_WARN_64_TO_32_BIT_CONVERSION = YES;
				GCC_WARN_ABOUT_RETURN_TYPE = YES_ERROR;
				GCC_WARN_UNDECLARED_SELECTOR = YES;
				GCC_WARN_UNINITIALIZED_AUTOS = YES_AGGRESSIVE;
				GCC_WARN_UNUSED_FUNCTION = YES;
				GCC_WARN_UNUSED_VARIABLE = YES;
				IPHONEOS_DEPLOYMENT_TARGET = 13.4;
				MTL_ENABLE_DEBUG_INFO = INCLUDE_SOURCE;
				MTL_FAST_MATH = YES;
				ONLY_ACTIVE_ARCH = YES;
				SDKROOT = iphoneos;
				SWIFT_ACTIVE_COMPILATION_CONDITIONS = DEBUG;
				SWIFT_OPTIMIZATION_LEVEL = "-Onone";
			};
			name = Debug;
		};
		692F1BC0248B453300BAF407 /* Release */ = {
			isa = XCBuildConfiguration;
			buildSettings = {
				ALWAYS_SEARCH_USER_PATHS = NO;
				CLANG_ANALYZER_NONNULL = YES;
				CLANG_ANALYZER_NUMBER_OBJECT_CONVERSION = YES_AGGRESSIVE;
				CLANG_CXX_LANGUAGE_STANDARD = "gnu++14";
				CLANG_CXX_LIBRARY = "libc++";
				CLANG_ENABLE_MODULES = YES;
				CLANG_ENABLE_OBJC_ARC = YES;
				CLANG_ENABLE_OBJC_WEAK = YES;
				CLANG_WARN_BLOCK_CAPTURE_AUTORELEASING = YES;
				CLANG_WARN_BOOL_CONVERSION = YES;
				CLANG_WARN_COMMA = YES;
				CLANG_WARN_CONSTANT_CONVERSION = YES;
				CLANG_WARN_DEPRECATED_OBJC_IMPLEMENTATIONS = YES;
				CLANG_WARN_DIRECT_OBJC_ISA_USAGE = YES_ERROR;
				CLANG_WARN_DOCUMENTATION_COMMENTS = YES;
				CLANG_WARN_EMPTY_BODY = YES;
				CLANG_WARN_ENUM_CONVERSION = YES;
				CLANG_WARN_INFINITE_RECURSION = YES;
				CLANG_WARN_INT_CONVERSION = YES;
				CLANG_WARN_NON_LITERAL_NULL_CONVERSION = YES;
				CLANG_WARN_OBJC_IMPLICIT_RETAIN_SELF = YES;
				CLANG_WARN_OBJC_LITERAL_CONVERSION = YES;
				CLANG_WARN_OBJC_ROOT_CLASS = YES_ERROR;
				CLANG_WARN_RANGE_LOOP_ANALYSIS = YES;
				CLANG_WARN_STRICT_PROTOTYPES = YES;
				CLANG_WARN_SUSPICIOUS_MOVE = YES;
				CLANG_WARN_UNGUARDED_AVAILABILITY = YES_AGGRESSIVE;
				CLANG_WARN_UNREACHABLE_CODE = YES;
				CLANG_WARN__DUPLICATE_METHOD_MATCH = YES;
				COPY_PHASE_STRIP = NO;
				DEBUG_INFORMATION_FORMAT = "dwarf-with-dsym";
				ENABLE_NS_ASSERTIONS = NO;
				ENABLE_STRICT_OBJC_MSGSEND = YES;
				GCC_C_LANGUAGE_STANDARD = gnu11;
				GCC_NO_COMMON_BLOCKS = YES;
				GCC_WARN_64_TO_32_BIT_CONVERSION = YES;
				GCC_WARN_ABOUT_RETURN_TYPE = YES_ERROR;
				GCC_WARN_UNDECLARED_SELECTOR = YES;
				GCC_WARN_UNINITIALIZED_AUTOS = YES_AGGRESSIVE;
				GCC_WARN_UNUSED_FUNCTION = YES;
				GCC_WARN_UNUSED_VARIABLE = YES;
				IPHONEOS_DEPLOYMENT_TARGET = 13.4;
				MTL_ENABLE_DEBUG_INFO = NO;
				MTL_FAST_MATH = YES;
				SDKROOT = iphoneos;
				SWIFT_COMPILATION_MODE = wholemodule;
				SWIFT_OPTIMIZATION_LEVEL = "-O";
				VALIDATE_PRODUCT = YES;
			};
			name = Release;
		};
		692F1BC2248B453300BAF407 /* Debug */ = {
			isa = XCBuildConfiguration;
			baseConfigurationReference = CE5115370CFB860B826FB47C /* Pods-PaddingLabelExample.debug.xcconfig */;
			buildSettings = {
				ASSETCATALOG_COMPILER_APPICON_NAME = AppIcon;
				CODE_SIGN_STYLE = Automatic;
				DEVELOPMENT_TEAM = 755K6X6628;
				INFOPLIST_FILE = PaddingLabelExample/Info.plist;
				LD_RUNPATH_SEARCH_PATHS = (
					"$(inherited)",
					"@executable_path/Frameworks",
				);
				PRODUCT_BUNDLE_IDENTIFIER = com.levantAJ.PaddingLabelExample;
				PRODUCT_NAME = "$(TARGET_NAME)";
				SWIFT_VERSION = 5.0;
				TARGETED_DEVICE_FAMILY = "1,2";
			};
			name = Debug;
		};
		692F1BC3248B453300BAF407 /* Release */ = {
			isa = XCBuildConfiguration;
			baseConfigurationReference = 2E9A6F1706D502108A75B088 /* Pods-PaddingLabelExample.release.xcconfig */;
			buildSettings = {
				ASSETCATALOG_COMPILER_APPICON_NAME = AppIcon;
				CODE_SIGN_STYLE = Automatic;
				DEVELOPMENT_TEAM = 755K6X6628;
				INFOPLIST_FILE = PaddingLabelExample/Info.plist;
				LD_RUNPATH_SEARCH_PATHS = (
					"$(inherited)",
					"@executable_path/Frameworks",
				);
				PRODUCT_BUNDLE_IDENTIFIER = com.levantAJ.PaddingLabelExample;
				PRODUCT_NAME = "$(TARGET_NAME)";
				SWIFT_VERSION = 5.0;
				TARGETED_DEVICE_FAMILY = "1,2";
			};
			name = Release;
		};
		692F1BC5248B453300BAF407 /* Debug */ = {
			isa = XCBuildConfiguration;
			baseConfigurationReference = 1B9962DDE1E31317A625FA15 /* Pods-PaddingLabelExampleTests.debug.xcconfig */;
			buildSettings = {
				ALWAYS_EMBED_SWIFT_STANDARD_LIBRARIES = YES;
				BUNDLE_LOADER = "$(TEST_HOST)";
				CODE_SIGN_STYLE = Automatic;
				DEVELOPMENT_TEAM = 755K6X6628;
				INFOPLIST_FILE = PaddingLabelExampleTests/Info.plist;
				IPHONEOS_DEPLOYMENT_TARGET = 13.4;
				LD_RUNPATH_SEARCH_PATHS = (
					"$(inherited)",
					"@executable_path/Frameworks",
					"@loader_path/Frameworks",
				);
				PRODUCT_BUNDLE_IDENTIFIER = com.levantAJ.PaddingLabelExampleTests;
				PRODUCT_NAME = "$(TARGET_NAME)";
				SWIFT_VERSION = 5.0;
				TARGETED_DEVICE_FAMILY = "1,2";
				TEST_HOST = "$(BUILT_PRODUCTS_DIR)/PaddingLabelExample.app/PaddingLabelExample";
			};
			name = Debug;
		};
		692F1BC6248B453300BAF407 /* Release */ = {
			isa = XCBuildConfiguration;
			baseConfigurationReference = BFCC335E465BEDC91DA89E87 /* Pods-PaddingLabelExampleTests.release.xcconfig */;
			buildSettings = {
				ALWAYS_EMBED_SWIFT_STANDARD_LIBRARIES = YES;
				BUNDLE_LOADER = "$(TEST_HOST)";
				CODE_SIGN_STYLE = Automatic;
				DEVELOPMENT_TEAM = 755K6X6628;
				INFOPLIST_FILE = PaddingLabelExampleTests/Info.plist;
				IPHONEOS_DEPLOYMENT_TARGET = 13.4;
				LD_RUNPATH_SEARCH_PATHS = (
					"$(inherited)",
					"@executable_path/Frameworks",
					"@loader_path/Frameworks",
				);
				PRODUCT_BUNDLE_IDENTIFIER = com.levantAJ.PaddingLabelExampleTests;
				PRODUCT_NAME = "$(TARGET_NAME)";
				SWIFT_VERSION = 5.0;
				TARGETED_DEVICE_FAMILY = "1,2";
				TEST_HOST = "$(BUILT_PRODUCTS_DIR)/PaddingLabelExample.app/PaddingLabelExample";
			};
			name = Release;
		};
		692F1BC8248B453300BAF407 /* Debug */ = {
			isa = XCBuildConfiguration;
			baseConfigurationReference = E50B22D9ED1C065EA79DC954 /* Pods-PaddingLabelExample-PaddingLabelExampleUITests.debug.xcconfig */;
			buildSettings = {
				ALWAYS_EMBED_SWIFT_STANDARD_LIBRARIES = YES;
				CODE_SIGN_STYLE = Automatic;
				DEVELOPMENT_TEAM = 755K6X6628;
				INFOPLIST_FILE = PaddingLabelExampleUITests/Info.plist;
				LD_RUNPATH_SEARCH_PATHS = (
					"$(inherited)",
					"@executable_path/Frameworks",
					"@loader_path/Frameworks",
				);
				PRODUCT_BUNDLE_IDENTIFIER = com.levantAJ.PaddingLabelExampleUITests;
				PRODUCT_NAME = "$(TARGET_NAME)";
				SWIFT_VERSION = 5.0;
				TARGETED_DEVICE_FAMILY = "1,2";
				TEST_TARGET_NAME = PaddingLabelExample;
			};
			name = Debug;
		};
		692F1BC9248B453300BAF407 /* Release */ = {
			isa = XCBuildConfiguration;
			baseConfigurationReference = 9E832E59FF6F6F27FA439CF0 /* Pods-PaddingLabelExample-PaddingLabelExampleUITests.release.xcconfig */;
			buildSettings = {
				ALWAYS_EMBED_SWIFT_STANDARD_LIBRARIES = YES;
				CODE_SIGN_STYLE = Automatic;
				DEVELOPMENT_TEAM = 755K6X6628;
				INFOPLIST_FILE = PaddingLabelExampleUITests/Info.plist;
				LD_RUNPATH_SEARCH_PATHS = (
					"$(inherited)",
					"@executable_path/Frameworks",
					"@loader_path/Frameworks",
				);
				PRODUCT_BUNDLE_IDENTIFIER = com.levantAJ.PaddingLabelExampleUITests;
				PRODUCT_NAME = "$(TARGET_NAME)";
				SWIFT_VERSION = 5.0;
				TARGETED_DEVICE_FAMILY = "1,2";
				TEST_TARGET_NAME = PaddingLabelExample;
			};
			name = Release;
		};
/* End XCBuildConfiguration section */

/* Begin XCConfigurationList section */
		692F1B92248B452F00BAF407 /* Build configuration list for PBXProject "PaddingLabelExample" */ = {
			isa = XCConfigurationList;
			buildConfigurations = (
				692F1BBF248B453300BAF407 /* Debug */,
				692F1BC0248B453300BAF407 /* Release */,
			);
			defaultConfigurationIsVisible = 0;
			defaultConfigurationName = Release;
		};
		692F1BC1248B453300BAF407 /* Build configuration list for PBXNativeTarget "PaddingLabelExample" */ = {
			isa = XCConfigurationList;
			buildConfigurations = (
				692F1BC2248B453300BAF407 /* Debug */,
				692F1BC3248B453300BAF407 /* Release */,
			);
			defaultConfigurationIsVisible = 0;
			defaultConfigurationName = Release;
		};
		692F1BC4248B453300BAF407 /* Build configuration list for PBXNativeTarget "PaddingLabelExampleTests" */ = {
			isa = XCConfigurationList;
			buildConfigurations = (
				692F1BC5248B453300BAF407 /* Debug */,
				692F1BC6248B453300BAF407 /* Release */,
			);
			defaultConfigurationIsVisible = 0;
			defaultConfigurationName = Release;
		};
		692F1BC7248B453300BAF407 /* Build configuration list for PBXNativeTarget "PaddingLabelExampleUITests" */ = {
			isa = XCConfigurationList;
			buildConfigurations = (
				692F1BC8248B453300BAF407 /* Debug */,
				692F1BC9248B453300BAF407 /* Release */,
			);
			defaultConfigurationIsVisible = 0;
			defaultConfigurationName = Release;
		};
/* End XCConfigurationList section */
	};
	rootObject = 692F1B8F248B452F00BAF407 /* Project object */;
}
